
Microsoft Visual Studio Solution File, Format Version 12.00
# Visual Studio Version 17
VisualStudioVersion = 17.3.32901.215
MinimumVisualStudioVersion = 10.0.40219.1
Project("{FAE04EC0-301F-11D3-BF4B-00C04F79EFBC}") = "Musicplayer", "Musicplayer.csproj", "{11B121DC-D3D4-4F84-B468-DE11CFB7BF57}"
EndProject
Global
	GlobalSection(SolutionConfigurationPlatforms) = preSolution
		Debug|Any CPU = Debug|Any CPU
		Release|Any CPU = Release|Any CPU
	EndGlobalSection
	GlobalSection(ProjectConfigurationPlatforms) = postSolution
		{11B121DC-D3D4-4F84-B468-DE11CFB7BF57}.Debug|Any CPU.ActiveCfg = Debug|Any CPU
		{11B121DC-D3D4-4F84-B468-DE11CFB7BF57}.Debug|Any CPU.Build.0 = Debug|Any CPU
		{11B121DC-D3D4-4F84-B468-DE11CFB7BF57}.Release|Any CPU.ActiveCfg = Release|Any CPU
		{11B121DC-D3D4-4F84-B468-DE11CFB7BF57}.Release|Any CPU.Build.0 = Release|Any CPU
	EndGlobalSection
	GlobalSection(SolutionProperties) = preSolution
		HideSolutionNode = FALSE
	EndGlobalSection
	GlobalSection(ExtensibilityGlobals) = postSolution
		SolutionGuid = {885AA432-C2A7-4148-917A-0A1B4FE677F2}
	EndGlobalSection
EndGlobal
